// !$*UTF8*$!
{
	archiveVersion = 1;
	classes = {
	};
	objectVersion = 46;
	objects = {

/* Begin PBXBuildFile section */
		041464321D2B63F900AF0297 /* DDPhotoAlbumToolsCollectionViewCell.m in Sources */ = {isa = PBXBuildFile; fileRef = 041464311D2B63F900AF0297 /* DDPhotoAlbumToolsCollectionViewCell.m */; };
		042287971D2A627800C344FF /* DDPhotoAlbumToolsView.m in Sources */ = {isa = PBXBuildFile; fileRef = 042287961D2A627800C344FF /* DDPhotoAlbumToolsView.m */; };
		04278C721D20B82B00995379 /* main.m in Sources */ = {isa = PBXBuildFile; fileRef = 04278C711D20B82B00995379 /* main.m */; };
		04278C751D20B82B00995379 /* AppDelegate.m in Sources */ = {isa = PBXBuildFile; fileRef = 04278C741D20B82B00995379 /* AppDelegate.m */; };
		04278C781D20B82B00995379 /* ViewController.m in Sources */ = {isa = PBXBuildFile; fileRef = 04278C771D20B82B00995379 /* ViewController.m */; };
		04278C7B1D20B82B00995379 /* Main.storyboard in Resources */ = {isa = PBXBuildFile; fileRef = 04278C791D20B82B00995379 /* Main.storyboard */; };
		04278C7D1D20B82B00995379 /* Assets.xcassets in Resources */ = {isa = PBXBuildFile; fileRef = 04278C7C1D20B82B00995379 /* Assets.xcassets */; };
		04278C801D20B82B00995379 /* LaunchScreen.storyboard in Resources */ = {isa = PBXBuildFile; fileRef = 04278C7E1D20B82B00995379 /* LaunchScreen.storyboard */; };
		0480B1471D20D8B0000D3D8A /* DDPhotoAlbum.bundle in Resources */ = {isa = PBXBuildFile; fileRef = 0480B1401D20D8B0000D3D8A /* DDPhotoAlbum.bundle */; };
		0480B1481D20D8B0000D3D8A /* DDPhotoAlbumViewController.m in Sources */ = {isa = PBXBuildFile; fileRef = 0480B1431D20D8B0000D3D8A /* DDPhotoAlbumViewController.m */; };
		0480B1491D20D8B0000D3D8A /* DDPhotoAlbum.strings in Resources */ = {isa = PBXBuildFile; fileRef = 0480B1441D20D8B0000D3D8A /* DDPhotoAlbum.strings */; };
		0480B14C1D20F11C000D3D8A /* DDPhotoAlbumLayout.m in Sources */ = {isa = PBXBuildFile; fileRef = 0480B14B1D20F11C000D3D8A /* DDPhotoAlbumLayout.m */; };
		0480B14F1D20F5CC000D3D8A /* DDPhotoAlbumCollectionViewCell.m in Sources */ = {isa = PBXBuildFile; fileRef = 0480B14E1D20F5CC000D3D8A /* DDPhotoAlbumCollectionViewCell.m */; };
		04A9C37F1D2CABC700170D92 /* DDPhotoAlbumSelectTableViewCell.m in Sources */ = {isa = PBXBuildFile; fileRef = 04A9C37E1D2CABC700170D92 /* DDPhotoAlbumSelectTableViewCell.m */; };
		04A9C3821D2CDBCD00170D92 /* DDPhotoAlbumModel.m in Sources */ = {isa = PBXBuildFile; fileRef = 04A9C3811D2CDBCD00170D92 /* DDPhotoAlbumModel.m */; };
		04AF3EE11D2C9F3300429B21 /* DDPhotoAlbumSelectView.m in Sources */ = {isa = PBXBuildFile; fileRef = 04AF3EE01D2C9F3300429B21 /* DDPhotoAlbumSelectView.m */; };
		04EB42011D2F5FEE0066DEE5 /* SetupViewController.m in Sources */ = {isa = PBXBuildFile; fileRef = 04EB42001D2F5FEE0066DEE5 /* SetupViewController.m */; };
/* End PBXBuildFile section */

/* Begin PBXFileReference section */
		041464301D2B63F900AF0297 /* DDPhotoAlbumToolsCollectionViewCell.h */ = {isa = PBXFileReference; fileEncoding = 4; lastKnownFileType = sourcecode.c.h; path = DDPhotoAlbumToolsCollectionViewCell.h; sourceTree = "<group>"; };
		041464311D2B63F900AF0297 /* DDPhotoAlbumToolsCollectionViewCell.m */ = {isa = PBXFileReference; fileEncoding = 4; lastKnownFileType = sourcecode.c.objc; path = DDPhotoAlbumToolsCollectionViewCell.m; sourceTree = "<group>"; };
		042287951D2A627800C344FF /* DDPhotoAlbumToolsView.h */ = {isa = PBXFileReference; fileEncoding = 4; lastKnownFileType = sourcecode.c.h; path = DDPhotoAlbumToolsView.h; sourceTree = "<group>"; };
		042287961D2A627800C344FF /* DDPhotoAlbumToolsView.m */ = {isa = PBXFileReference; fileEncoding = 4; lastKnownFileType = sourcecode.c.objc; path = DDPhotoAlbumToolsView.m; sourceTree = "<group>"; };
		04278C6D1D20B82B00995379 /* DDPhotoAlbum.app */ = {isa = PBXFileReference; explicitFileType = wrapper.application; includeInIndex = 0; path = DDPhotoAlbum.app; sourceTree = BUILT_PRODUCTS_DIR; };
		04278C711D20B82B00995379 /* main.m */ = {isa = PBXFileReference; lastKnownFileType = sourcecode.c.objc; path = main.m; sourceTree = "<group>"; };
		04278C731D20B82B00995379 /* AppDelegate.h */ = {isa = PBXFileReference; lastKnownFileType = sourcecode.c.h; path = AppDelegate.h; sourceTree = "<group>"; };
		04278C741D20B82B00995379 /* AppDelegate.m */ = {isa = PBXFileReference; lastKnownFileType = sourcecode.c.objc; path = AppDelegate.m; sourceTree = "<group>"; };
		04278C761D20B82B00995379 /* ViewController.h */ = {isa = PBXFileReference; lastKnownFileType = sourcecode.c.h; path = ViewController.h; sourceTree = "<group>"; };
		04278C771D20B82B00995379 /* ViewController.m */ = {isa = PBXFileReference; lastKnownFileType = sourcecode.c.objc; path = ViewController.m; sourceTree = "<group>"; };
		04278C7A1D20B82B00995379 /* Base */ = {isa = PBXFileReference; lastKnownFileType = file.storyboard; name = Base; path = Base.lproj/Main.storyboard; sourceTree = "<group>"; };
		04278C7C1D20B82B00995379 /* Assets.xcassets */ = {isa = PBXFileReference; lastKnownFileType = folder.assetcatalog; path = Assets.xcassets; sourceTree = "<group>"; };
		04278C7F1D20B82B00995379 /* Base */ = {isa = PBXFileReference; lastKnownFileType = file.storyboard; name = Base; path = Base.lproj/LaunchScreen.storyboard; sourceTree = "<group>"; };
		04278C811D20B82B00995379 /* Info.plist */ = {isa = PBXFileReference; lastKnownFileType = text.plist.xml; path = Info.plist; sourceTree = "<group>"; };
		0480B1381D20D4C8000D3D8A /* zh-Hans */ = {isa = PBXFileReference; lastKnownFileType = text.plist.strings; name = "zh-Hans"; path = "zh-Hans.lproj/LaunchScreen.strings"; sourceTree = "<group>"; };
		0480B1401D20D8B0000D3D8A /* DDPhotoAlbum.bundle */ = {isa = PBXFileReference; lastKnownFileType = "wrapper.plug-in"; path = DDPhotoAlbum.bundle; sourceTree = "<group>"; };
		0480B1411D20D8B0000D3D8A /* DDPhotoAlbum.h */ = {isa = PBXFileReference; fileEncoding = 4; lastKnownFileType = sourcecode.c.h; path = DDPhotoAlbum.h; sourceTree = "<group>"; };
		0480B1421D20D8B0000D3D8A /* DDPhotoAlbumViewController.h */ = {isa = PBXFileReference; fileEncoding = 4; lastKnownFileType = sourcecode.c.h; path = DDPhotoAlbumViewController.h; sourceTree = "<group>"; };
		0480B1431D20D8B0000D3D8A /* DDPhotoAlbumViewController.m */ = {isa = PBXFileReference; fileEncoding = 4; lastKnownFileType = sourcecode.c.objc; path = DDPhotoAlbumViewController.m; sourceTree = "<group>"; };
		0480B1451D20D8B0000D3D8A /* en */ = {isa = PBXFileReference; lastKnownFileType = text.plist.strings; name = en; path = en.lproj/DDPhotoAlbum.strings; sourceTree = "<group>"; };
		0480B1461D20D8B0000D3D8A /* zh-Hans */ = {isa = PBXFileReference; lastKnownFileType = text.plist.strings; name = "zh-Hans"; path = "zh-Hans.lproj/DDPhotoAlbum.strings"; sourceTree = "<group>"; };
		0480B14A1D20F11C000D3D8A /* DDPhotoAlbumLayout.h */ = {isa = PBXFileReference; fileEncoding = 4; lastKnownFileType = sourcecode.c.h; path = DDPhotoAlbumLayout.h; sourceTree = "<group>"; };
		0480B14B1D20F11C000D3D8A /* DDPhotoAlbumLayout.m */ = {isa = PBXFileReference; fileEncoding = 4; lastKnownFileType = sourcecode.c.objc; path = DDPhotoAlbumLayout.m; sourceTree = "<group>"; };
		0480B14D1D20F5CC000D3D8A /* DDPhotoAlbumCollectionViewCell.h */ = {isa = PBXFileReference; fileEncoding = 4; lastKnownFileType = sourcecode.c.h; path = DDPhotoAlbumCollectionViewCell.h; sourceTree = "<group>"; };
		0480B14E1D20F5CC000D3D8A /* DDPhotoAlbumCollectionViewCell.m */ = {isa = PBXFileReference; fileEncoding = 4; lastKnownFileType = sourcecode.c.objc; path = DDPhotoAlbumCollectionViewCell.m; sourceTree = "<group>"; };
		04A9C37D1D2CABC700170D92 /* DDPhotoAlbumSelectTableViewCell.h */ = {isa = PBXFileReference; fileEncoding = 4; lastKnownFileType = sourcecode.c.h; path = DDPhotoAlbumSelectTableViewCell.h; sourceTree = "<group>"; };
		04A9C37E1D2CABC700170D92 /* DDPhotoAlbumSelectTableViewCell.m */ = {isa = PBXFileReference; fileEncoding = 4; lastKnownFileType = sourcecode.c.objc; path = DDPhotoAlbumSelectTableViewCell.m; sourceTree = "<group>"; };
		04A9C3801D2CDBCD00170D92 /* DDPhotoAlbumModel.h */ = {isa = PBXFileReference; fileEncoding = 4; lastKnownFileType = sourcecode.c.h; path = DDPhotoAlbumModel.h; sourceTree = "<group>"; };
		04A9C3811D2CDBCD00170D92 /* DDPhotoAlbumModel.m */ = {isa = PBXFileReference; fileEncoding = 4; lastKnownFileType = sourcecode.c.objc; path = DDPhotoAlbumModel.m; sourceTree = "<group>"; };
		04AF3EDF1D2C9F3300429B21 /* DDPhotoAlbumSelectView.h */ = {isa = PBXFileReference; fileEncoding = 4; lastKnownFileType = sourcecode.c.h; path = DDPhotoAlbumSelectView.h; sourceTree = "<group>"; };
		04AF3EE01D2C9F3300429B21 /* DDPhotoAlbumSelectView.m */ = {isa = PBXFileReference; fileEncoding = 4; lastKnownFileType = sourcecode.c.objc; path = DDPhotoAlbumSelectView.m; sourceTree = "<group>"; };
		04EB41FF1D2F5FEE0066DEE5 /* SetupViewController.h */ = {isa = PBXFileReference; fileEncoding = 4; lastKnownFileType = sourcecode.c.h; path = SetupViewController.h; sourceTree = "<group>"; };
		04EB42001D2F5FEE0066DEE5 /* SetupViewController.m */ = {isa = PBXFileReference; fileEncoding = 4; lastKnownFileType = sourcecode.c.objc; path = SetupViewController.m; sourceTree = "<group>"; };
/* End PBXFileReference section */

/* Begin PBXFrameworksBuildPhase section */
		04278C6A1D20B82B00995379 /* Frameworks */ = {
			isa = PBXFrameworksBuildPhase;
			buildActionMask = 2147483647;
			files = (
			);
			runOnlyForDeploymentPostprocessing = 0;
		};
/* End PBXFrameworksBuildPhase section */

/* Begin PBXGroup section */
		04278C641D20B82B00995379 = {
			isa = PBXGroup;
			children = (
				04278C6F1D20B82B00995379 /* DDPhotoAlbum */,
				04278C6E1D20B82B00995379 /* Products */,
			);
			sourceTree = "<group>";
		};
		04278C6E1D20B82B00995379 /* Products */ = {
			isa = PBXGroup;
			children = (
				04278C6D1D20B82B00995379 /* DDPhotoAlbum.app */,
			);
			name = Products;
			sourceTree = "<group>";
		};
		04278C6F1D20B82B00995379 /* DDPhotoAlbum */ = {
			isa = PBXGroup;
			children = (
				0480B13F1D20D8B0000D3D8A /* DDPhotoAlbum */,
				04278C731D20B82B00995379 /* AppDelegate.h */,
				04278C741D20B82B00995379 /* AppDelegate.m */,
				04278C761D20B82B00995379 /* ViewController.h */,
				04278C771D20B82B00995379 /* ViewController.m */,
				04EB41FF1D2F5FEE0066DEE5 /* SetupViewController.h */,
				04EB42001D2F5FEE0066DEE5 /* SetupViewController.m */,
				04278C791D20B82B00995379 /* Main.storyboard */,
				04278C7C1D20B82B00995379 /* Assets.xcassets */,
				04278C7E1D20B82B00995379 /* LaunchScreen.storyboard */,
				04278C811D20B82B00995379 /* Info.plist */,
				04278C701D20B82B00995379 /* Supporting Files */,
			);
			path = DDPhotoAlbum;
			sourceTree = "<group>";
		};
		04278C701D20B82B00995379 /* Supporting Files */ = {
			isa = PBXGroup;
			children = (
				04278C711D20B82B00995379 /* main.m */,
			);
			name = "Supporting Files";
			sourceTree = "<group>";
		};
		0480B13F1D20D8B0000D3D8A /* DDPhotoAlbum */ = {
			isa = PBXGroup;
			children = (
				0480B1401D20D8B0000D3D8A /* DDPhotoAlbum.bundle */,
				0480B1441D20D8B0000D3D8A /* DDPhotoAlbum.strings */,
				0480B1411D20D8B0000D3D8A /* DDPhotoAlbum.h */,
				0480B1421D20D8B0000D3D8A /* DDPhotoAlbumViewController.h */,
				0480B1431D20D8B0000D3D8A /* DDPhotoAlbumViewController.m */,
				0480B14A1D20F11C000D3D8A /* DDPhotoAlbumLayout.h */,
				0480B14B1D20F11C000D3D8A /* DDPhotoAlbumLayout.m */,
				0480B14D1D20F5CC000D3D8A /* DDPhotoAlbumCollectionViewCell.h */,
				0480B14E1D20F5CC000D3D8A /* DDPhotoAlbumCollectionViewCell.m */,
				042287951D2A627800C344FF /* DDPhotoAlbumToolsView.h */,
				042287961D2A627800C344FF /* DDPhotoAlbumToolsView.m */,
				041464301D2B63F900AF0297 /* DDPhotoAlbumToolsCollectionViewCell.h */,
				041464311D2B63F900AF0297 /* DDPhotoAlbumToolsCollectionViewCell.m */,
				04AF3EDF1D2C9F3300429B21 /* DDPhotoAlbumSelectView.h */,
				04AF3EE01D2C9F3300429B21 /* DDPhotoAlbumSelectView.m */,
				04A9C37D1D2CABC700170D92 /* DDPhotoAlbumSelectTableViewCell.h */,
				04A9C37E1D2CABC700170D92 /* DDPhotoAlbumSelectTableViewCell.m */,
				04A9C3801D2CDBCD00170D92 /* DDPhotoAlbumModel.h */,
				04A9C3811D2CDBCD00170D92 /* DDPhotoAlbumModel.m */,
			);
			path = DDPhotoAlbum;
			sourceTree = "<group>";
		};
/* End PBXGroup section */

/* Begin PBXNativeTarget section */
		04278C6C1D20B82B00995379 /* DDPhotoAlbum */ = {
			isa = PBXNativeTarget;
			buildConfigurationList = 04278C841D20B82B00995379 /* Build configuration list for PBXNativeTarget "DDPhotoAlbum" */;
			buildPhases = (
				04278C691D20B82B00995379 /* Sources */,
				04278C6A1D20B82B00995379 /* Frameworks */,
				04278C6B1D20B82B00995379 /* Resources */,
			);
			buildRules = (
			);
			dependencies = (
			);
			name = DDPhotoAlbum;
			productName = DDPhotoAlbum;
			productReference = 04278C6D1D20B82B00995379 /* DDPhotoAlbum.app */;
			productType = "com.apple.product-type.application";
		};
/* End PBXNativeTarget section */

/* Begin PBXProject section */
		04278C651D20B82B00995379 /* Project object */ = {
			isa = PBXProject;
			attributes = {
				LastUpgradeCheck = 0720;
				ORGANIZATIONNAME = mac;
				TargetAttributes = {
					04278C6C1D20B82B00995379 = {
						CreatedOnToolsVersion = 7.2.1;
					};
				};
			};
			buildConfigurationList = 04278C681D20B82B00995379 /* Build configuration list for PBXProject "DDPhotoAlbum" */;
			compatibilityVersion = "Xcode 3.2";
			developmentRegion = English;
			hasScannedForEncodings = 0;
			knownRegions = (
				en,
				Base,
				"zh-Hans",
			);
			mainGroup = 04278C641D20B82B00995379;
			productRefGroup = 04278C6E1D20B82B00995379 /* Products */;
			projectDirPath = "";
			projectRoot = "";
			targets = (
				04278C6C1D20B82B00995379 /* DDPhotoAlbum */,
			);
		};
/* End PBXProject section */

/* Begin PBXResourcesBuildPhase section */
		04278C6B1D20B82B00995379 /* Resources */ = {
			isa = PBXResourcesBuildPhase;
			buildActionMask = 2147483647;
			files = (
				04278C801D20B82B00995379 /* LaunchScreen.storyboard in Resources */,
				04278C7D1D20B82B00995379 /* Assets.xcassets in Resources */,
				0480B1491D20D8B0000D3D8A /* DDPhotoAlbum.strings in Resources */,
				0480B1471D20D8B0000D3D8A /* DDPhotoAlbum.bundle in Resources */,
				04278C7B1D20B82B00995379 /* Main.storyboard in Resources */,
			);
			runOnlyForDeploymentPostprocessing = 0;
		};
/* End PBXResourcesBuildPhase section */

/* Begin PBXSourcesBuildPhase section */
		04278C691D20B82B00995379 /* Sources */ = {
			isa = PBXSourcesBuildPhase;
			buildActionMask = 2147483647;
			files = (
				04278C781D20B82B00995379 /* ViewController.m in Sources */,
				0480B1481D20D8B0000D3D8A /* DDPhotoAlbumViewController.m in Sources */,
				0480B14F1D20F5CC000D3D8A /* DDPhotoAlbumCollectionViewCell.m in Sources */,
				041464321D2B63F900AF0297 /* DDPhotoAlbumToolsCollectionViewCell.m in Sources */,
				04EB42011D2F5FEE0066DEE5 /* SetupViewController.m in Sources */,
				04A9C3821D2CDBCD00170D92 /* DDPhotoAlbumModel.m in Sources */,
				04A9C37F1D2CABC700170D92 /* DDPhotoAlbumSelectTableViewCell.m in Sources */,
				0480B14C1D20F11C000D3D8A /* DDPhotoAlbumLayout.m in Sources */,
				042287971D2A627800C344FF /* DDPhotoAlbumToolsView.m in Sources */,
				04278C751D20B82B00995379 /* AppDelegate.m in Sources */,
				04AF3EE11D2C9F3300429B21 /* DDPhotoAlbumSelectView.m in Sources */,
				04278C721D20B82B00995379 /* main.m in Sources */,
			);
			runOnlyForDeploymentPostprocessing = 0;
		};
/* End PBXSourcesBuildPhase section */

/* Begin PBXVariantGroup section */
		04278C791D20B82B00995379 /* Main.storyboard */ = {
			isa = PBXVariantGroup;
			children = (
				04278C7A1D20B82B00995379 /* Base */,
			);
			name = Main.storyboard;
			sourceTree = "<group>";
		};
		04278C7E1D20B82B00995379 /* LaunchScreen.storyboard */ = {
			isa = PBXVariantGroup;
			children = (
				04278C7F1D20B82B00995379 /* Base */,
				0480B1381D20D4C8000D3D8A /* zh-Hans */,
			);
			name = LaunchScreen.storyboard;
			sourceTree = "<group>";
		};
		0480B1441D20D8B0000D3D8A /* DDPhotoAlbum.strings */ = {
			isa = PBXVariantGroup;
			children = (
				0480B1451D20D8B0000D3D8A /* en */,
				0480B1461D20D8B0000D3D8A /* zh-Hans */,
			);
			name = DDPhotoAlbum.strings;
			sourceTree = "<group>";
		};
/* End PBXVariantGroup section */

/* Begin XCBuildConfiguration section */
		04278C821D20B82B00995379 /* Debug */ = {
			isa = XCBuildConfiguration;
			buildSettings = {
				ALWAYS_SEARCH_USER_PATHS = NO;
				CLANG_CXX_LANGUAGE_STANDARD = "gnu++0x";
				CLANG_CXX_LIBRARY = "libc++";
				CLANG_ENABLE_MODULES = YES;
				CLANG_ENABLE_OBJC_ARC = YES;
				CLANG_WARN_BOOL_CONVERSION = YES;
				CLANG_WARN_CONSTANT_CONVERSION = YES;
				CLANG_WARN_DIRECT_OBJC_ISA_USAGE = YES_ERROR;
				CLANG_WARN_EMPTY_BODY = YES;
				CLANG_WARN_ENUM_CONVERSION = YES;
				CLANG_WARN_INT_CONVERSION = YES;
				CLANG_WARN_OBJC_ROOT_CLASS = YES_ERROR;
				CLANG_WARN_UNREACHABLE_CODE = YES;
				CLANG_WARN__DUPLICATE_METHOD_MATCH = YES;
				"CODE_SIGN_IDENTITY[sdk=iphoneos*]" = "iPhone Developer";
				COPY_PHASE_STRIP = NO;
				DEBUG_INFORMATION_FORMAT = dwarf;
				ENABLE_STRICT_OBJC_MSGSEND = YES;
				ENABLE_TESTABILITY = YES;
				GCC_C_LANGUAGE_STANDARD = gnu99;
				GCC_DYNAMIC_NO_PIC = NO;
				GCC_NO_COMMON_BLOCKS = YES;
				GCC_OPTIMIZATION_LEVEL = 0;
				GCC_PREPROCESSOR_DEFINITIONS = (
					"DEBUG=1",
					"$(inherited)",
				);
				GCC_WARN_64_TO_32_BIT_CONVERSION = YES;
				GCC_WARN_ABOUT_RETURN_TYPE = YES_ERROR;
				GCC_WARN_UNDECLARED_SELECTOR = YES;
				GCC_WARN_UNINITIALIZED_AUTOS = YES_AGGRESSIVE;
				GCC_WARN_UNUSED_FUNCTION = YES;
				GCC_WARN_UNUSED_VARIABLE = YES;
				IPHONEOS_DEPLOYMENT_TARGET = 7.0;
				MTL_ENABLE_DEBUG_INFO = YES;
				ONLY_ACTIVE_ARCH = YES;
				SDKROOT = iphoneos;
				TARGETED_DEVICE_FAMILY = "1,2";
			};
			name = Debug;
		};
		04278C831D20B82B00995379 /* Release */ = {
			isa = XCBuildConfiguration;
			buildSettings = {
				ALWAYS_SEARCH_USER_PATHS = NO;
				CLANG_CXX_LANGUAGE_STANDARD = "gnu++0x";
				CLANG_CXX_LIBRARY = "libc++";
				CLANG_ENABLE_MODULES = YES;
				CLANG_ENABLE_OBJC_ARC = YES;
				CLANG_WARN_BOOL_CONVERSION = YES;
				CLANG_WARN_CONSTANT_CONVERSION = YES;
				CLANG_WARN_DIRECT_OBJC_ISA_USAGE = YES_ERROR;
				CLANG_WARN_EMPTY_BODY = YES;
				CLANG_WARN_ENUM_CONVERSION = YES;
				CLANG_WARN_INT_CONVERSION = YES;
				CLANG_WARN_OBJC_ROOT_CLASS = YES_ERROR;
				CLANG_WARN_UNREACHABLE_CODE = YES;
				CLANG_WARN__DUPLICATE_METHOD_MATCH = YES;
				"CODE_SIGN_IDENTITY[sdk=iphoneos*]" = "iPhone Developer";
				COPY_PHASE_STRIP = NO;
				DEBUG_INFORMATION_FORMAT = "dwarf-with-dsym";
				ENABLE_NS_ASSERTIONS = NO;
				ENABLE_STRICT_OBJC_MSGSEND = YES;
				GCC_C_LANGUAGE_STANDARD = gnu99;
				GCC_NO_COMMON_BLOCKS = YES;
				GCC_WARN_64_TO_32_BIT_CONVERSION = YES;
				GCC_WARN_ABOUT_RETURN_TYPE = YES_ERROR;
				GCC_WARN_UNDECLARED_SELECTOR = YES;
				GCC_WARN_UNINITIALIZED_AUTOS = YES_AGGRESSIVE;
				GCC_WARN_UNUSED_FUNCTION = YES;
				GCC_WARN_UNUSED_VARIABLE = YES;
				IPHONEOS_DEPLOYMENT_TARGET = 7.0;
				MTL_ENABLE_DEBUG_INFO = NO;
				SDKROOT = iphoneos;
				TARGETED_DEVICE_FAMILY = "1,2";
				VALIDATE_PRODUCT = YES;
			};
			name = Release;
		};
		04278C851D20B82B00995379 /* Debug */ = {
			isa = XCBuildConfiguration;
			buildSettings = {
				ASSETCATALOG_COMPILER_APPICON_NAME = AppIcon;
				INFOPLIST_FILE = DDPhotoAlbum/Info.plist;
				LD_RUNPATH_SEARCH_PATHS = "$(inherited) @executable_path/Frameworks";
				PRODUCT_BUNDLE_IDENTIFIER = dd2333.DDPhotoAlbum;
				PRODUCT_NAME = "$(TARGET_NAME)";
			};
			name = Debug;
		};
		04278C861D20B82B00995379 /* Release */ = {
			isa = XCBuildConfiguration;
			buildSettings = {
				ASSETCATALOG_COMPILER_APPICON_NAME = AppIcon;
				INFOPLIST_FILE = DDPhotoAlbum/Info.plist;
				LD_RUNPATH_SEARCH_PATHS = "$(inherited) @executable_path/Frameworks";
				PRODUCT_BUNDLE_IDENTIFIER = dd2333.DDPhotoAlbum;
				PRODUCT_NAME = "$(TARGET_NAME)";
			};
			name = Release;
		};
/* End XCBuildConfiguration section */

/* Begin XCConfigurationList section */
		04278C681D20B82B00995379 /* Build configuration list for PBXProject "DDPhotoAlbum" */ = {
			isa = XCConfigurationList;
			buildConfigurations = (
				04278C821D20B82B00995379 /* Debug */,
				04278C831D20B82B00995379 /* Release */,
			);
			defaultConfigurationIsVisible = 0;
			defaultConfigurationName = Release;
		};
		04278C841D20B82B00995379 /* Build configuration list for PBXNativeTarget "DDPhotoAlbum" */ = {
			isa = XCConfigurationList;
			buildConfigurations = (
				04278C851D20B82B00995379 /* Debug */,
				04278C861D20B82B00995379 /* Release */,
			);
			defaultConfigurationIsVisible = 0;
			defaultConfigurationName = Release;
		};
/* End XCConfigurationList section */
	};
	rootObject = 04278C651D20B82B00995379 /* Project object */;
}
